
Microsoft Visual Studio Solution File, Format Version 12.00
# Visual Studio Version 17
VisualStudioVersion = 17.5.002.0
MinimumVisualStudioVersion = 10.0.40219.1
Project("{FAE04EC0-301F-11D3-BF4B-00C04F79EFBC}") = "BuildHub.App.Compliant.Shared", "src\BuildHub.App.Compliant.Shared\BuildHub.App.Compliant.Shared.csproj", "{55DCC6DC-B436-4870-B9CD-16408C3E2714}"
EndProject
Project("{FAE04EC0-301F-11D3-BF4B-00C04F79EFBC}") = "BuildHub.App.Compliant.Web", "src\BuildHub.App.Compliant.Web\BuildHub.App.Compliant.Web.csproj", "{8F2DE35A-010E-4BC2-BBD7-B7F4D00AF426}"
EndProject
Project("{FAE04EC0-301F-11D3-BF4B-00C04F79EFBC}") = "BuildHub.App.Compliant", "src\BuildHub.App.Compliant\BuildHub.App.Compliant.csproj", "{2D646613-9CFD-4FB1-9B3D-DEC64F95E5D7}"
EndProject
Project("{FAE04EC0-301F-11D3-BF4B-00C04F79EFBC}") = "BuildHub.App.Compliant.Application", "src\BuildHub.App.Compliant.Application\BuildHub.App.Compliant.Application.csproj", "{3A469BFE-0D2F-49A3-8574-6F9F9805975B}"
EndProject
Project("{2150E333-8FDC-42A3-9474-1A3956D46DE8}") = "UI", "UI", "{86818BE0-3A5B-4232-9B93-A93C356342FF}"
EndProject
Project("{2150E333-8FDC-42A3-9474-1A3956D46DE8}") = "Application", "Application", "{76AB8509-1686-4AB1-9EFA-61D1F7923E40}"
EndProject
Project("{2150E333-8FDC-42A3-9474-1A3956D46DE8}") = "External", "External", "{DA4D74A3-97D6-4963-AC97-20D7FD19F014}"
EndProject
Project("{FAE04EC0-301F-11D3-BF4B-00C04F79EFBC}") = "BuildHub.App.Compliant.External", "src\BuildHub.App.Compliant.External\BuildHub.App.Compliant.External.csproj", "{2925EE2B-EF30-48E2-822B-2B1D11A37FE9}"
EndProject
Global
	GlobalSection(SolutionConfigurationPlatforms) = preSolution
		Debug|Any CPU = Debug|Any CPU
		Debug|ARM64 = Debug|ARM64
		Debug|x64 = Debug|x64
		Debug|x86 = Debug|x86
		Release|Any CPU = Release|Any CPU
		Release|ARM64 = Release|ARM64
		Release|x64 = Release|x64
		Release|x86 = Release|x86
	EndGlobalSection
	GlobalSection(ProjectConfigurationPlatforms) = postSolution
		{9E30318E-74DD-491B-9BAF-814DC9E892B8}.Debug|Any CPU.ActiveCfg = Debug|Any CPU
		{9E30318E-74DD-491B-9BAF-814DC9E892B8}.Debug|Any CPU.Build.0 = Debug|Any CPU
		{9E30318E-74DD-491B-9BAF-814DC9E892B8}.Debug|Any CPU.Deploy.0 = Debug|Any CPU
		{9E30318E-74DD-491B-9BAF-814DC9E892B8}.Debug|ARM64.ActiveCfg = Debug|Any CPU
		{9E30318E-74DD-491B-9BAF-814DC9E892B8}.Debug|ARM64.Build.0 = Debug|Any CPU
		{9E30318E-74DD-491B-9BAF-814DC9E892B8}.Debug|ARM64.Deploy.0 = Debug|Any CPU
		{9E30318E-74DD-491B-9BAF-814DC9E892B8}.Debug|x64.ActiveCfg = Debug|Any CPU
		{9E30318E-74DD-491B-9BAF-814DC9E892B8}.Debug|x64.Build.0 = Debug|Any CPU
		{9E30318E-74DD-491B-9BAF-814DC9E892B8}.Debug|x64.Deploy.0 = Debug|Any CPU
		{9E30318E-74DD-491B-9BAF-814DC9E892B8}.Debug|x86.ActiveCfg = Debug|Any CPU
		{9E30318E-74DD-491B-9BAF-814DC9E892B8}.Debug|x86.Build.0 = Debug|Any CPU
		{9E30318E-74DD-491B-9BAF-814DC9E892B8}.Debug|x86.Deploy.0 = Debug|Any CPU
		{9E30318E-74DD-491B-9BAF-814DC9E892B8}.Release|Any CPU.ActiveCfg = Release|Any CPU
		{9E30318E-74DD-491B-9BAF-814DC9E892B8}.Release|Any CPU.Build.0 = Release|Any CPU
		{9E30318E-74DD-491B-9BAF-814DC9E892B8}.Release|Any CPU.Deploy.0 = Release|Any CPU
		{9E30318E-74DD-491B-9BAF-814DC9E892B8}.Release|ARM64.ActiveCfg = Release|Any CPU
		{9E30318E-74DD-491B-9BAF-814DC9E892B8}.Release|ARM64.Build.0 = Release|Any CPU
		{9E30318E-74DD-491B-9BAF-814DC9E892B8}.Release|ARM64.Deploy.0 = Release|Any CPU
		{9E30318E-74DD-491B-9BAF-814DC9E892B8}.Release|x64.ActiveCfg = Release|Any CPU
		{9E30318E-74DD-491B-9BAF-814DC9E892B8}.Release|x64.Build.0 = Release|Any CPU
		{9E30318E-74DD-491B-9BAF-814DC9E892B8}.Release|x64.Deploy.0 = Release|Any CPU
		{9E30318E-74DD-491B-9BAF-814DC9E892B8}.Release|x86.ActiveCfg = Release|Any CPU
		{9E30318E-74DD-491B-9BAF-814DC9E892B8}.Release|x86.Build.0 = Release|Any CPU
		{9E30318E-74DD-491B-9BAF-814DC9E892B8}.Release|x86.Deploy.0 = Release|Any CPU
		{55DCC6DC-B436-4870-B9CD-16408C3E2714}.Debug|Any CPU.ActiveCfg = Debug|Any CPU
		{55DCC6DC-B436-4870-B9CD-16408C3E2714}.Debug|Any CPU.Build.0 = Debug|Any CPU
		{55DCC6DC-B436-4870-B9CD-16408C3E2714}.Debug|ARM64.ActiveCfg = Debug|Any CPU
		{55DCC6DC-B436-4870-B9CD-16408C3E2714}.Debug|ARM64.Build.0 = Debug|Any CPU
		{55DCC6DC-B436-4870-B9CD-16408C3E2714}.Debug|x64.ActiveCfg = Debug|Any CPU
		{55DCC6DC-B436-4870-B9CD-16408C3E2714}.Debug|x64.Build.0 = Debug|Any CPU
		{55DCC6DC-B436-4870-B9CD-16408C3E2714}.Debug|x86.ActiveCfg = Debug|Any CPU
		{55DCC6DC-B436-4870-B9CD-16408C3E2714}.Debug|x86.Build.0 = Debug|Any CPU
		{55DCC6DC-B436-4870-B9CD-16408C3E2714}.Release|Any CPU.ActiveCfg = Release|Any CPU
		{55DCC6DC-B436-4870-B9CD-16408C3E2714}.Release|Any CPU.Build.0 = Release|Any CPU
		{55DCC6DC-B436-4870-B9CD-16408C3E2714}.Release|ARM64.ActiveCfg = Release|Any CPU
		{55DCC6DC-B436-4870-B9CD-16408C3E2714}.Release|ARM64.Build.0 = Release|Any CPU
		{55DCC6DC-B436-4870-B9CD-16408C3E2714}.Release|x64.ActiveCfg = Release|Any CPU
		{55DCC6DC-B436-4870-B9CD-16408C3E2714}.Release|x64.Build.0 = Release|Any CPU
		{55DCC6DC-B436-4870-B9CD-16408C3E2714}.Release|x86.ActiveCfg = Release|Any CPU
		{55DCC6DC-B436-4870-B9CD-16408C3E2714}.Release|x86.Build.0 = Release|Any CPU
		{8F2DE35A-010E-4BC2-BBD7-B7F4D00AF426}.Debug|Any CPU.ActiveCfg = Debug|Any CPU
		{8F2DE35A-010E-4BC2-BBD7-B7F4D00AF426}.Debug|Any CPU.Build.0 = Debug|Any CPU
		{8F2DE35A-010E-4BC2-BBD7-B7F4D00AF426}.Debug|ARM64.ActiveCfg = Debug|Any CPU
		{8F2DE35A-010E-4BC2-BBD7-B7F4D00AF426}.Debug|ARM64.Build.0 = Debug|Any CPU
		{8F2DE35A-010E-4BC2-BBD7-B7F4D00AF426}.Debug|x64.ActiveCfg = Debug|Any CPU
		{8F2DE35A-010E-4BC2-BBD7-B7F4D00AF426}.Debug|x64.Build.0 = Debug|Any CPU
		{8F2DE35A-010E-4BC2-BBD7-B7F4D00AF426}.Debug|x86.ActiveCfg = Debug|Any CPU
		{8F2DE35A-010E-4BC2-BBD7-B7F4D00AF426}.Debug|x86.Build.0 = Debug|Any CPU
		{8F2DE35A-010E-4BC2-BBD7-B7F4D00AF426}.Release|Any CPU.ActiveCfg = Release|Any CPU
		{8F2DE35A-010E-4BC2-BBD7-B7F4D00AF426}.Release|Any CPU.Build.0 = Release|Any CPU
		{8F2DE35A-010E-4BC2-BBD7-B7F4D00AF426}.Release|ARM64.ActiveCfg = Release|Any CPU
		{8F2DE35A-010E-4BC2-BBD7-B7F4D00AF426}.Release|ARM64.Build.0 = Release|Any CPU
		{8F2DE35A-010E-4BC2-BBD7-B7F4D00AF426}.Release|x64.ActiveCfg = Release|Any CPU
		{8F2DE35A-010E-4BC2-BBD7-B7F4D00AF426}.Release|x64.Build.0 = Release|Any CPU
		{8F2DE35A-010E-4BC2-BBD7-B7F4D00AF426}.Release|x86.ActiveCfg = Release|Any CPU
		{8F2DE35A-010E-4BC2-BBD7-B7F4D00AF426}.Release|x86.Build.0 = Release|Any CPU
		{2D646613-9CFD-4FB1-9B3D-DEC64F95E5D7}.Debug|Any CPU.ActiveCfg = Debug|Any CPU
		{2D646613-9CFD-4FB1-9B3D-DEC64F95E5D7}.Debug|Any CPU.Build.0 = Debug|Any CPU
		{2D646613-9CFD-4FB1-9B3D-DEC64F95E5D7}.Debug|ARM64.ActiveCfg = Debug|Any CPU
		{2D646613-9CFD-4FB1-9B3D-DEC64F95E5D7}.Debug|ARM64.Build.0 = Debug|Any CPU
		{2D646613-9CFD-4FB1-9B3D-DEC64F95E5D7}.Debug|x64.ActiveCfg = Debug|Any CPU
		{2D646613-9CFD-4FB1-9B3D-DEC64F95E5D7}.Debug|x64.Build.0 = Debug|Any CPU
		{2D646613-9CFD-4FB1-9B3D-DEC64F95E5D7}.Debug|x86.ActiveCfg = Debug|Any CPU
		{2D646613-9CFD-4FB1-9B3D-DEC64F95E5D7}.Debug|x86.Build.0 = Debug|Any CPU
		{2D646613-9CFD-4FB1-9B3D-DEC64F95E5D7}.Release|Any CPU.ActiveCfg = Release|Any CPU
		{2D646613-9CFD-4FB1-9B3D-DEC64F95E5D7}.Release|Any CPU.Build.0 = Release|Any CPU
		{2D646613-9CFD-4FB1-9B3D-DEC64F95E5D7}.Release|ARM64.ActiveCfg = Release|Any CPU
		{2D646613-9CFD-4FB1-9B3D-DEC64F95E5D7}.Release|ARM64.Build.0 = Release|Any CPU
		{2D646613-9CFD-4FB1-9B3D-DEC64F95E5D7}.Release|x64.ActiveCfg = Release|Any CPU
		{2D646613-9CFD-4FB1-9B3D-DEC64F95E5D7}.Release|x64.Build.0 = Release|Any CPU
		{2D646613-9CFD-4FB1-9B3D-DEC64F95E5D7}.Release|x86.ActiveCfg = Release|Any CPU
		{2D646613-9CFD-4FB1-9B3D-DEC64F95E5D7}.Release|x86.Build.0 = Release|Any CPU
		{3A469BFE-0D2F-49A3-8574-6F9F9805975B}.Debug|Any CPU.ActiveCfg = Debug|Any CPU
		{3A469BFE-0D2F-49A3-8574-6F9F9805975B}.Debug|Any CPU.Build.0 = Debug|Any CPU
		{3A469BFE-0D2F-49A3-8574-6F9F9805975B}.Debug|ARM64.ActiveCfg = Debug|Any CPU
		{3A469BFE-0D2F-49A3-8574-6F9F9805975B}.Debug|ARM64.Build.0 = Debug|Any CPU
		{3A469BFE-0D2F-49A3-8574-6F9F9805975B}.Debug|x64.ActiveCfg = Debug|Any CPU
		{3A469BFE-0D2F-49A3-8574-6F9F9805975B}.Debug|x64.Build.0 = Debug|Any CPU
		{3A469BFE-0D2F-49A3-8574-6F9F9805975B}.Debug|x86.ActiveCfg = Debug|Any CPU
		{3A469BFE-0D2F-49A3-8574-6F9F9805975B}.Debug|x86.Build.0 = Debug|Any CPU
		{3A469BFE-0D2F-49A3-8574-6F9F9805975B}.Release|Any CPU.ActiveCfg = Release|Any CPU
		{3A469BFE-0D2F-49A3-8574-6F9F9805975B}.Release|Any CPU.Build.0 = Release|Any CPU
		{3A469BFE-0D2F-49A3-8574-6F9F9805975B}.Release|ARM64.ActiveCfg = Release|Any CPU
		{3A469BFE-0D2F-49A3-8574-6F9F9805975B}.Release|ARM64.Build.0 = Release|Any CPU
		{3A469BFE-0D2F-49A3-8574-6F9F9805975B}.Release|x64.ActiveCfg = Release|Any CPU
		{3A469BFE-0D2F-49A3-8574-6F9F9805975B}.Release|x64.Build.0 = Release|Any CPU
		{3A469BFE-0D2F-49A3-8574-6F9F9805975B}.Release|x86.ActiveCfg = Release|Any CPU
		{3A469BFE-0D2F-49A3-8574-6F9F9805975B}.Release|x86.Build.0 = Release|Any CPU
		{2925EE2B-EF30-48E2-822B-2B1D11A37FE9}.Debug|Any CPU.ActiveCfg = Debug|Any CPU
		{2925EE2B-EF30-48E2-822B-2B1D11A37FE9}.Debug|Any CPU.Build.0 = Debug|Any CPU
		{2925EE2B-EF30-48E2-822B-2B1D11A37FE9}.Debug|ARM64.ActiveCfg = Debug|Any CPU
		{2925EE2B-EF30-48E2-822B-2B1D11A37FE9}.Debug|ARM64.Build.0 = Debug|Any CPU
		{2925EE2B-EF30-48E2-822B-2B1D11A37FE9}.Debug|x64.ActiveCfg = Debug|Any CPU
		{2925EE2B-EF30-48E2-822B-2B1D11A37FE9}.Debug|x64.Build.0 = Debug|Any CPU
		{2925EE2B-EF30-48E2-822B-2B1D11A37FE9}.Debug|x86.ActiveCfg = Debug|Any CPU
		{2925EE2B-EF30-48E2-822B-2B1D11A37FE9}.Debug|x86.Build.0 = Debug|Any CPU
		{2925EE2B-EF30-48E2-822B-2B1D11A37FE9}.Release|Any CPU.ActiveCfg = Release|Any CPU
		{2925EE2B-EF30-48E2-822B-2B1D11A37FE9}.Release|Any CPU.Build.0 = Release|Any CPU
		{2925EE2B-EF30-48E2-822B-2B1D11A37FE9}.Release|ARM64.ActiveCfg = Release|Any CPU
		{2925EE2B-EF30-48E2-822B-2B1D11A37FE9}.Release|ARM64.Build.0 = Release|Any CPU
		{2925EE2B-EF30-48E2-822B-2B1D11A37FE9}.Release|x64.ActiveCfg = Release|Any CPU
		{2925EE2B-EF30-48E2-822B-2B1D11A37FE9}.Release|x64.Build.0 = Release|Any CPU
		{2925EE2B-EF30-48E2-822B-2B1D11A37FE9}.Release|x86.ActiveCfg = Release|Any CPU
		{2925EE2B-EF30-48E2-822B-2B1D11A37FE9}.Release|x86.Build.0 = Release|Any CPU
	EndGlobalSection
	GlobalSection(SolutionProperties) = preSolution
		HideSolutionNode = FALSE
	EndGlobalSection
	GlobalSection(ExtensibilityGlobals) = postSolution
		SolutionGuid = {20E6FD03-9002-4EBA-ABF2-9DDE2C488842}
	EndGlobalSection
	GlobalSection(NestedProjects) = preSolution
		{2D646613-9CFD-4FB1-9B3D-DEC64F95E5D7} = {86818BE0-3A5B-4232-9B93-A93C356342FF}
		{55DCC6DC-B436-4870-B9CD-16408C3E2714} = {86818BE0-3A5B-4232-9B93-A93C356342FF}
		{8F2DE35A-010E-4BC2-BBD7-B7F4D00AF426} = {86818BE0-3A5B-4232-9B93-A93C356342FF}
		{3A469BFE-0D2F-49A3-8574-6F9F9805975B} = {76AB8509-1686-4AB1-9EFA-61D1F7923E40}
		{2925EE2B-EF30-48E2-822B-2B1D11A37FE9} = {DA4D74A3-97D6-4963-AC97-20D7FD19F014}
	EndGlobalSection
EndGlobal
